// !$*UTF8*$!
{
	archiveVersion = 1;
	classes = {
	};
	objectVersion = 77;
	objects = {

/* Begin PBXBuildFile section */
		C05E5EA72ECFAB0A00E37F51 /* Atlantis in Frameworks */ = {isa = PBXBuildFile; productRef = C05E5EA62ECFAB0A00E37F51 /* Atlantis */; };
		C05E5EAB2ECFABC100E37F51 /* SQLiteData in Frameworks */ = {isa = PBXBuildFile; productRef = C05E5EAA2ECFABC100E37F51 /* SQLiteData */; };
		C07693C02ED1544300280E0C /* Nuke in Frameworks */ = {isa = PBXBuildFile; productRef = C07693BF2ED1544300280E0C /* Nuke */; };
		C07693C22ED1544800280E0C /* NukeUI in Frameworks */ = {isa = PBXBuildFile; productRef = C07693C12ED1544800280E0C /* NukeUI */; };
		C0863E762ECFACFB004517E3 /* Pulse in Frameworks */ = {isa = PBXBuildFile; productRef = C0863E752ECFACFB004517E3 /* Pulse */; };
		C0863E782ECFACFB004517E3 /* PulseUI in Frameworks */ = {isa = PBXBuildFile; productRef = C0863E772ECFACFB004517E3 /* PulseUI */; };
		C0AD6D202EEE0312009D2482 /* SwiftCSV in Frameworks */ = {isa = PBXBuildFile; productRef = C0AD6D1F2EEE0312009D2482 /* SwiftCSV */; };
		C0F3EF5F2ECFB6A5005CA536 /* TinyStorage in Frameworks */ = {isa = PBXBuildFile; productRef = C0F3EF5E2ECFB6A5005CA536 /* TinyStorage */; };
		C0F3EF612ECFB6C8005CA536 /* Sentry in Frameworks */ = {isa = PBXBuildFile; productRef = C0F3EF602ECFB6C8005CA536 /* Sentry */; };
		C0F3EF632ECFB70F005CA536 /* PulseProxy in Frameworks */ = {isa = PBXBuildFile; productRef = C0F3EF622ECFB70F005CA536 /* PulseProxy */; };
/* End PBXBuildFile section */

/* Begin PBXFileReference section */
		C0F9FC9B2ECFA845009DB8F2 /* PokeDex.app */ = {isa = PBXFileReference; explicitFileType = wrapper.application; includeInIndex = 0; path = PokeDex.app; sourceTree = BUILT_PRODUCTS_DIR; };
/* End PBXFileReference section */

/* Begin PBXFileSystemSynchronizedBuildFileExceptionSet section */
		C0F3EF5D2ECFB61C005CA536 /* Exceptions for "src" folder in "PokeDex" target */ = {
			isa = PBXFileSystemSynchronizedBuildFileExceptionSet;
			membershipExceptions = (
				Info.plist,
			);
			target = C0F9FC9A2ECFA845009DB8F2 /* PokeDex */;
		};
/* End PBXFileSystemSynchronizedBuildFileExceptionSet section */

/* Begin PBXFileSystemSynchronizedRootGroup section */
		C0F9FC9D2ECFA845009DB8F2 /* src */ = {
			isa = PBXFileSystemSynchronizedRootGroup;
			exceptions = (
				C0F3EF5D2ECFB61C005CA536 /* Exceptions for "src" folder in "PokeDex" target */,
			);
			path = src;
			sourceTree = "<group>";
		};
/* End PBXFileSystemSynchronizedRootGroup section */

/* Begin PBXFrameworksBuildPhase section */
		C0F9FC982ECFA845009DB8F2 /* Frameworks */ = {
			isa = PBXFrameworksBuildPhase;
			buildActionMask = 2147483647;
			files = (
				C0863E762ECFACFB004517E3 /* Pulse in Frameworks */,
				C05E5EAB2ECFABC100E37F51 /* SQLiteData in Frameworks */,
				C07693C22ED1544800280E0C /* NukeUI in Frameworks */,
				C07693C02ED1544300280E0C /* Nuke in Frameworks */,
				C0F3EF5F2ECFB6A5005CA536 /* TinyStorage in Frameworks */,
				C0AD6D202EEE0312009D2482 /* SwiftCSV in Frameworks */,
				C0863E782ECFACFB004517E3 /* PulseUI in Frameworks */,
				C05E5EA72ECFAB0A00E37F51 /* Atlantis in Frameworks */,
				C0F3EF632ECFB70F005CA536 /* PulseProxy in Frameworks */,
				C0F3EF612ECFB6C8005CA536 /* Sentry in Frameworks */,
			);
			runOnlyForDeploymentPostprocessing = 0;
		};
/* End PBXFrameworksBuildPhase section */

/* Begin PBXGroup section */
		C0863E742ECFACFB004517E3 /* Frameworks */ = {
			isa = PBXGroup;
			children = (
			);
			name = Frameworks;
			sourceTree = "<group>";
		};
		C0F9FC922ECFA845009DB8F2 = {
			isa = PBXGroup;
			children = (
				C0F9FC9D2ECFA845009DB8F2 /* src */,
				C0863E742ECFACFB004517E3 /* Frameworks */,
				C0F9FC9C2ECFA845009DB8F2 /* Products */,
			);
			sourceTree = "<group>";
		};
		C0F9FC9C2ECFA845009DB8F2 /* Products */ = {
			isa = PBXGroup;
			children = (
				C0F9FC9B2ECFA845009DB8F2 /* PokeDex.app */,
			);
			name = Products;
			sourceTree = "<group>";
		};
/* End PBXGroup section */

/* Begin PBXNativeTarget section */
		C0F9FC9A2ECFA845009DB8F2 /* PokeDex */ = {
			isa = PBXNativeTarget;
			buildConfigurationList = C0F9FCA62ECFA846009DB8F2 /* Build configuration list for PBXNativeTarget "PokeDex" */;
			buildPhases = (
				C0F9FC972ECFA845009DB8F2 /* Sources */,
				C0F9FC982ECFA845009DB8F2 /* Frameworks */,
				C0F9FC992ECFA845009DB8F2 /* Resources */,
			);
			buildRules = (
			);
			dependencies = (
			);
			fileSystemSynchronizedGroups = (
				C0F9FC9D2ECFA845009DB8F2 /* src */,
			);
			name = PokeDex;
			packageProductDependencies = (
				C05E5EA62ECFAB0A00E37F51 /* Atlantis */,
				C05E5EAA2ECFABC100E37F51 /* SQLiteData */,
				C0863E752ECFACFB004517E3 /* Pulse */,
				C0863E772ECFACFB004517E3 /* PulseUI */,
				C0F3EF5E2ECFB6A5005CA536 /* TinyStorage */,
				C0F3EF602ECFB6C8005CA536 /* Sentry */,
				C0F3EF622ECFB70F005CA536 /* PulseProxy */,
				C07693BF2ED1544300280E0C /* Nuke */,
				C07693C12ED1544800280E0C /* NukeUI */,
				C0AD6D1F2EEE0312009D2482 /* SwiftCSV */,
			);
			productName = Cheevos;
			productReference = C0F9FC9B2ECFA845009DB8F2 /* PokeDex.app */;
			productType = "com.apple.product-type.application";
		};
/* End PBXNativeTarget section */

/* Begin PBXProject section */
		C0F9FC932ECFA845009DB8F2 /* Project object */ = {
			isa = PBXProject;
			attributes = {
				BuildIndependentTargetsInParallel = 1;
				LastSwiftUpdateCheck = 2610;
				LastUpgradeCheck = 2610;
				TargetAttributes = {
					C0F9FC9A2ECFA845009DB8F2 = {
						CreatedOnToolsVersion = 26.1.1;
					};
				};
			};
			buildConfigurationList = C0F9FC962ECFA845009DB8F2 /* Build configuration list for PBXProject "PokeDex" */;
			developmentRegion = en;
			hasScannedForEncodings = 0;
			knownRegions = (
				en,
				Base,
			);
			mainGroup = C0F9FC922ECFA845009DB8F2;
			minimizedProjectReferenceProxies = 1;
			packageReferences = (
				C05E5EA52ECFAB0A00E37F51 /* XCRemoteSwiftPackageReference "atlantis" */,
				C05E5EA92ECFABC100E37F51 /* XCRemoteSwiftPackageReference "sqlite-data" */,
				C0F1A6852ECFAC4100A99B8A /* XCRemoteSwiftPackageReference "sentry-cocoa" */,
				C082E6B02ECFACD30041010F /* XCRemoteSwiftPackageReference "Pulse" */,
				C0B7F0482ECFAEA00016A08A /* XCRemoteSwiftPackageReference "TinyStorage" */,
				C07693BE2ED1541A00280E0C /* XCRemoteSwiftPackageReference "Nuke" */,
				C02565E02EEE02EE00F91FC0 /* XCRemoteSwiftPackageReference "SwiftCSV" */,
			);
			preferredProjectObjectVersion = 77;
			productRefGroup = C0F9FC9C2ECFA845009DB8F2 /* Products */;
			projectDirPath = "";
			projectRoot = "";
			targets = (
				C0F9FC9A2ECFA845009DB8F2 /* PokeDex */,
			);
		};
/* End PBXProject section */

/* Begin PBXResourcesBuildPhase section */
		C0F9FC992ECFA845009DB8F2 /* Resources */ = {
			isa = PBXResourcesBuildPhase;
			buildActionMask = 2147483647;
			files = (
			);
			runOnlyForDeploymentPostprocessing = 0;
		};
/* End PBXResourcesBuildPhase section */

/* Begin PBXSourcesBuildPhase section */
		C0F9FC972ECFA845009DB8F2 /* Sources */ = {
			isa = PBXSourcesBuildPhase;
			buildActionMask = 2147483647;
			files = (
			);
			runOnlyForDeploymentPostprocessing = 0;
		};
/* End PBXSourcesBuildPhase section */

/* Begin XCBuildConfiguration section */
		C0F9FCA42ECFA846009DB8F2 /* Debug */ = {
			isa = XCBuildConfiguration;
			buildSettings = {
				ALWAYS_SEARCH_USER_PATHS = NO;
				ASSETCATALOG_COMPILER_GENERATE_SWIFT_ASSET_SYMBOL_EXTENSIONS = YES;
				CLANG_ANALYZER_NONNULL = YES;
				CLANG_ANALYZER_NUMBER_OBJECT_CONVERSION = YES_AGGRESSIVE;
				CLANG_CXX_LANGUAGE_STANDARD = "gnu++20";
				CLANG_ENABLE_MODULES = YES;
				CLANG_ENABLE_OBJC_ARC = YES;
				CLANG_ENABLE_OBJC_WEAK = YES;
				CLANG_WARN_BLOCK_CAPTURE_AUTORELEASING = YES;
				CLANG_WARN_BOOL_CONVERSION = YES;
				CLANG_WARN_COMMA = YES;
				CLANG_WARN_CONSTANT_CONVERSION = YES;
				CLANG_WARN_DEPRECATED_OBJC_IMPLEMENTATIONS = YES;
				CLANG_WARN_DIRECT_OBJC_ISA_USAGE = YES_ERROR;
				CLANG_WARN_DOCUMENTATION_COMMENTS = YES;
				CLANG_WARN_EMPTY_BODY = YES;
				CLANG_WARN_ENUM_CONVERSION = YES;
				CLANG_WARN_INFINITE_RECURSION = YES;
				CLANG_WARN_INT_CONVERSION = YES;
				CLANG_WARN_NON_LITERAL_NULL_CONVERSION = YES;
				CLANG_WARN_OBJC_IMPLICIT_RETAIN_SELF = YES;
				CLANG_WARN_OBJC_LITERAL_CONVERSION = YES;
				CLANG_WARN_OBJC_ROOT_CLASS = YES_ERROR;
				CLANG_WARN_QUOTED_INCLUDE_IN_FRAMEWORK_HEADER = YES;
				CLANG_WARN_RANGE_LOOP_ANALYSIS = YES;
				CLANG_WARN_STRICT_PROTOTYPES = YES;
				CLANG_WARN_SUSPICIOUS_MOVE = YES;
				CLANG_WARN_UNGUARDED_AVAILABILITY = YES_AGGRESSIVE;
				CLANG_WARN_UNREACHABLE_CODE = YES;
				CLANG_WARN__DUPLICATE_METHOD_MATCH = YES;
				COPY_PHASE_STRIP = NO;
				DEBUG_INFORMATION_FORMAT = dwarf;
				DEVELOPMENT_TEAM = LR4RJT6586;
				ENABLE_STRICT_OBJC_MSGSEND = YES;
				ENABLE_TESTABILITY = YES;
				ENABLE_USER_SCRIPT_SANDBOXING = YES;
				GCC_C_LANGUAGE_STANDARD = gnu17;
				GCC_DYNAMIC_NO_PIC = NO;
				GCC_NO_COMMON_BLOCKS = YES;
				GCC_OPTIMIZATION_LEVEL = 0;
				GCC_PREPROCESSOR_DEFINITIONS = (
					"DEBUG=1",
					"$(inherited)",
				);
				GCC_WARN_64_TO_32_BIT_CONVERSION = YES;
				GCC_WARN_ABOUT_RETURN_TYPE = YES_ERROR;
				GCC_WARN_UNDECLARED_SELECTOR = YES;
				GCC_WARN_UNINITIALIZED_AUTOS = YES_AGGRESSIVE;
				GCC_WARN_UNUSED_FUNCTION = YES;
				GCC_WARN_UNUSED_VARIABLE = YES;
				IPHONEOS_DEPLOYMENT_TARGET = 26.1;
				LOCALIZATION_PREFERS_STRING_CATALOGS = YES;
				MTL_ENABLE_DEBUG_INFO = INCLUDE_SOURCE;
				MTL_FAST_MATH = YES;
				ONLY_ACTIVE_ARCH = YES;
				SDKROOT = iphoneos;
				SWIFT_ACTIVE_COMPILATION_CONDITIONS = "DEBUG $(inherited)";
				SWIFT_OPTIMIZATION_LEVEL = "-Onone";
			};
			name = Debug;
		};
		C0F9FCA52ECFA846009DB8F2 /* Release */ = {
			isa = XCBuildConfiguration;
			buildSettings = {
				ALWAYS_SEARCH_USER_PATHS = NO;
				ASSETCATALOG_COMPILER_GENERATE_SWIFT_ASSET_SYMBOL_EXTENSIONS = YES;
				CLANG_ANALYZER_NONNULL = YES;
				CLANG_ANALYZER_NUMBER_OBJECT_CONVERSION = YES_AGGRESSIVE;
				CLANG_CXX_LANGUAGE_STANDARD = "gnu++20";
				CLANG_ENABLE_MODULES = YES;
				CLANG_ENABLE_OBJC_ARC = YES;
				CLANG_ENABLE_OBJC_WEAK = YES;
				CLANG_WARN_BLOCK_CAPTURE_AUTORELEASING = YES;
				CLANG_WARN_BOOL_CONVERSION = YES;
				CLANG_WARN_COMMA = YES;
				CLANG_WARN_CONSTANT_CONVERSION = YES;
				CLANG_WARN_DEPRECATED_OBJC_IMPLEMENTATIONS = YES;
				CLANG_WARN_DIRECT_OBJC_ISA_USAGE = YES_ERROR;
				CLANG_WARN_DOCUMENTATION_COMMENTS = YES;
				CLANG_WARN_EMPTY_BODY = YES;
				CLANG_WARN_ENUM_CONVERSION = YES;
				CLANG_WARN_INFINITE_RECURSION = YES;
				CLANG_WARN_INT_CONVERSION = YES;
				CLANG_WARN_NON_LITERAL_NULL_CONVERSION = YES;
				CLANG_WARN_OBJC_IMPLICIT_RETAIN_SELF = YES;
				CLANG_WARN_OBJC_LITERAL_CONVERSION = YES;
				CLANG_WARN_OBJC_ROOT_CLASS = YES_ERROR;
				CLANG_WARN_QUOTED_INCLUDE_IN_FRAMEWORK_HEADER = YES;
				CLANG_WARN_RANGE_LOOP_ANALYSIS = YES;
				CLANG_WARN_STRICT_PROTOTYPES = YES;
				CLANG_WARN_SUSPICIOUS_MOVE = YES;
				CLANG_WARN_UNGUARDED_AVAILABILITY = YES_AGGRESSIVE;
				CLANG_WARN_UNREACHABLE_CODE = YES;
				CLANG_WARN__DUPLICATE_METHOD_MATCH = YES;
				COPY_PHASE_STRIP = NO;
				DEBUG_INFORMATION_FORMAT = "dwarf-with-dsym";
				DEVELOPMENT_TEAM = LR4RJT6586;
				ENABLE_NS_ASSERTIONS = NO;
				ENABLE_STRICT_OBJC_MSGSEND = YES;
				ENABLE_USER_SCRIPT_SANDBOXING = YES;
				GCC_C_LANGUAGE_STANDARD = gnu17;
				GCC_NO_COMMON_BLOCKS = YES;
				GCC_WARN_64_TO_32_BIT_CONVERSION = YES;
				GCC_WARN_ABOUT_RETURN_TYPE = YES_ERROR;
				GCC_WARN_UNDECLARED_SELECTOR = YES;
				GCC_WARN_UNINITIALIZED_AUTOS = YES_AGGRESSIVE;
				GCC_WARN_UNUSED_FUNCTION = YES;
				GCC_WARN_UNUSED_VARIABLE = YES;
				IPHONEOS_DEPLOYMENT_TARGET = 26.1;
				LOCALIZATION_PREFERS_STRING_CATALOGS = YES;
				MTL_ENABLE_DEBUG_INFO = NO;
				MTL_FAST_MATH = YES;
				SDKROOT = iphoneos;
				SWIFT_COMPILATION_MODE = wholemodule;
				VALIDATE_PRODUCT = YES;
			};
			name = Release;
		};
		C0F9FCA72ECFA846009DB8F2 /* Debug */ = {
			isa = XCBuildConfiguration;
			buildSettings = {
				ASSETCATALOG_COMPILER_APPICON_NAME = AppIcon;
				ASSETCATALOG_COMPILER_GLOBAL_ACCENT_COLOR_NAME = AccentColor;
				CODE_SIGN_ENTITLEMENTS = src/PokeDex.entitlements;
				CODE_SIGN_IDENTITY = "Apple Development";
				CODE_SIGN_STYLE = Automatic;
				CURRENT_PROJECT_VERSION = 1;
				DEVELOPMENT_TEAM = LR4RJT6586;
				ENABLE_PREVIEWS = YES;
				GENERATE_INFOPLIST_FILE = NO;
				INFOPLIST_FILE = src/Info.plist;
				INFOPLIST_KEY_LSApplicationCategoryType = "public.app-category.utilities";
				INFOPLIST_KEY_UIApplicationSceneManifest_Generation = YES;
				INFOPLIST_KEY_UIApplicationSupportsIndirectInputEvents = YES;
				INFOPLIST_KEY_UILaunchScreen_Generation = YES;
				INFOPLIST_KEY_UISupportedInterfaceOrientations = UIInterfaceOrientationPortrait;
				INFOPLIST_KEY_UISupportedInterfaceOrientations_iPad = "UIInterfaceOrientationLandscapeLeft UIInterfaceOrientationLandscapeRight UIInterfaceOrientationPortrait UIInterfaceOrientationPortraitUpsideDown";
				IPHONEOS_DEPLOYMENT_TARGET = 26.0;
				LD_RUNPATH_SEARCH_PATHS = (
					"$(inherited)",
					"@executable_path/Frameworks",
				);
				MARKETING_VERSION = 1.0;
				PRODUCT_BUNDLE_IDENTIFIER = build.miguel.PokeDex;
				PRODUCT_NAME = "$(TARGET_NAME)";
				PROVISIONING_PROFILE_SPECIFIER = "";
				STRING_CATALOG_GENERATE_SYMBOLS = YES;
				SUPPORTED_PLATFORMS = "iphoneos iphonesimulator";
				SUPPORTS_MACCATALYST = NO;
				SUPPORTS_MAC_DESIGNED_FOR_IPHONE_IPAD = NO;
				SUPPORTS_XR_DESIGNED_FOR_IPHONE_IPAD = NO;
				SWIFT_APPROACHABLE_CONCURRENCY = YES;
				SWIFT_DEFAULT_ACTOR_ISOLATION = nonisolated;
				SWIFT_EMIT_LOC_STRINGS = YES;
				SWIFT_UPCOMING_FEATURE_MEMBER_IMPORT_VISIBILITY = YES;
				SWIFT_VERSION = 5.0;
				TARGETED_DEVICE_FAMILY = 1;
			};
			name = Debug;
		};
		C0F9FCA82ECFA846009DB8F2 /* Release */ = {
			isa = XCBuildConfiguration;
			buildSettings = {
				ASSETCATALOG_COMPILER_APPICON_NAME = AppIcon;
				ASSETCATALOG_COMPILER_GLOBAL_ACCENT_COLOR_NAME = AccentColor;
				CODE_SIGN_ENTITLEMENTS = src/PokeDex.entitlements;
				CODE_SIGN_IDENTITY = "Apple Development";
				CODE_SIGN_STYLE = Automatic;
				CURRENT_PROJECT_VERSION = 1;
				DEVELOPMENT_TEAM = LR4RJT6586;
				ENABLE_PREVIEWS = YES;
				GENERATE_INFOPLIST_FILE = NO;
				INFOPLIST_FILE = src/Info.plist;
				INFOPLIST_KEY_LSApplicationCategoryType = "public.app-category.utilities";
				INFOPLIST_KEY_UIApplicationSceneManifest_Generation = YES;
				INFOPLIST_KEY_UIApplicationSupportsIndirectInputEvents = YES;
				INFOPLIST_KEY_UILaunchScreen_Generation = YES;
				INFOPLIST_KEY_UISupportedInterfaceOrientations = UIInterfaceOrientationPortrait;
				INFOPLIST_KEY_UISupportedInterfaceOrientations_iPad = "UIInterfaceOrientationLandscapeLeft UIInterfaceOrientationLandscapeRight UIInterfaceOrientationPortrait UIInterfaceOrientationPortraitUpsideDown";
				IPHONEOS_DEPLOYMENT_TARGET = 26.0;
				LD_RUNPATH_SEARCH_PATHS = (
					"$(inherited)",
					"@executable_path/Frameworks",
				);
				MARKETING_VERSION = 1.0;
				PRODUCT_BUNDLE_IDENTIFIER = build.miguel.PokeDex;
				PRODUCT_NAME = "$(TARGET_NAME)";
				PROVISIONING_PROFILE_SPECIFIER = "";
				STRING_CATALOG_GENERATE_SYMBOLS = YES;
				SUPPORTED_PLATFORMS = "iphoneos iphonesimulator";
				SUPPORTS_MACCATALYST = NO;
				SUPPORTS_MAC_DESIGNED_FOR_IPHONE_IPAD = NO;
				SUPPORTS_XR_DESIGNED_FOR_IPHONE_IPAD = NO;
				SWIFT_APPROACHABLE_CONCURRENCY = YES;
				SWIFT_DEFAULT_ACTOR_ISOLATION = nonisolated;
				SWIFT_EMIT_LOC_STRINGS = YES;
				SWIFT_UPCOMING_FEATURE_MEMBER_IMPORT_VISIBILITY = YES;
				SWIFT_VERSION = 5.0;
				TARGETED_DEVICE_FAMILY = 1;
			};
			name = Release;
		};
/* End XCBuildConfiguration section */

/* Begin XCConfigurationList section */
		C0F9FC962ECFA845009DB8F2 /* Build configuration list for PBXProject "PokeDex" */ = {
			isa = XCConfigurationList;
			buildConfigurations = (
				C0F9FCA42ECFA846009DB8F2 /* Debug */,
				C0F9FCA52ECFA846009DB8F2 /* Release */,
			);
			defaultConfigurationIsVisible = 0;
			defaultConfigurationName = Release;
		};
		C0F9FCA62ECFA846009DB8F2 /* Build configuration list for PBXNativeTarget "PokeDex" */ = {
			isa = XCConfigurationList;
			buildConfigurations = (
				C0F9FCA72ECFA846009DB8F2 /* Debug */,
				C0F9FCA82ECFA846009DB8F2 /* Release */,
			);
			defaultConfigurationIsVisible = 0;
			defaultConfigurationName = Release;
		};
/* End XCConfigurationList section */

/* Begin XCRemoteSwiftPackageReference section */
		C02565E02EEE02EE00F91FC0 /* XCRemoteSwiftPackageReference "SwiftCSV" */ = {
			isa = XCRemoteSwiftPackageReference;
			repositoryURL = "https://github.com/swiftcsv/SwiftCSV";
			requirement = {
				kind = upToNextMajorVersion;
				minimumVersion = 0.10.0;
			};
		};
		C05E5EA52ECFAB0A00E37F51 /* XCRemoteSwiftPackageReference "atlantis" */ = {
			isa = XCRemoteSwiftPackageReference;
			repositoryURL = "https://github.com/ProxymanApp/atlantis";
			requirement = {
				kind = upToNextMajorVersion;
				minimumVersion = 1.31.0;
			};
		};
		C05E5EA92ECFABC100E37F51 /* XCRemoteSwiftPackageReference "sqlite-data" */ = {
			isa = XCRemoteSwiftPackageReference;
			repositoryURL = "https://github.com/pointfreeco/sqlite-data.git";
			requirement = {
				kind = upToNextMajorVersion;
				minimumVersion = 1.3.0;
			};
		};
		C07693BE2ED1541A00280E0C /* XCRemoteSwiftPackageReference "Nuke" */ = {
			isa = XCRemoteSwiftPackageReference;
			repositoryURL = "https://github.com/kean/Nuke";
			requirement = {
				kind = upToNextMajorVersion;
				minimumVersion = 12.8.0;
			};
		};
		C082E6B02ECFACD30041010F /* XCRemoteSwiftPackageReference "Pulse" */ = {
			isa = XCRemoteSwiftPackageReference;
			repositoryURL = "https://github.com/kean/Pulse";
			requirement = {
				kind = upToNextMajorVersion;
				minimumVersion = 5.1.4;
			};
		};
		C0B7F0482ECFAEA00016A08A /* XCRemoteSwiftPackageReference "TinyStorage" */ = {
			isa = XCRemoteSwiftPackageReference;
			repositoryURL = "https://github.com/christianselig/TinyStorage.git";
			requirement = {
				kind = upToNextMajorVersion;
				minimumVersion = 2.0.1;
			};
		};
		C0F1A6852ECFAC4100A99B8A /* XCRemoteSwiftPackageReference "sentry-cocoa" */ = {
			isa = XCRemoteSwiftPackageReference;
			repositoryURL = "https://github.com/getsentry/sentry-cocoa.git";
			requirement = {
				kind = upToNextMajorVersion;
				minimumVersion = 8.57.3;
			};
		};
/* End XCRemoteSwiftPackageReference section */

/* Begin XCSwiftPackageProductDependency section */
		C05E5EA62ECFAB0A00E37F51 /* Atlantis */ = {
			isa = XCSwiftPackageProductDependency;
			package = C05E5EA52ECFAB0A00E37F51 /* XCRemoteSwiftPackageReference "atlantis" */;
			productName = Atlantis;
		};
		C05E5EAA2ECFABC100E37F51 /* SQLiteData */ = {
			isa = XCSwiftPackageProductDependency;
			package = C05E5EA92ECFABC100E37F51 /* XCRemoteSwiftPackageReference "sqlite-data" */;
			productName = SQLiteData;
		};
		C07693BF2ED1544300280E0C /* Nuke */ = {
			isa = XCSwiftPackageProductDependency;
			package = C07693BE2ED1541A00280E0C /* XCRemoteSwiftPackageReference "Nuke" */;
			productName = Nuke;
		};
		C07693C12ED1544800280E0C /* NukeUI */ = {
			isa = XCSwiftPackageProductDependency;
			package = C07693BE2ED1541A00280E0C /* XCRemoteSwiftPackageReference "Nuke" */;
			productName = NukeUI;
		};
		C0863E752ECFACFB004517E3 /* Pulse */ = {
			isa = XCSwiftPackageProductDependency;
			package = C082E6B02ECFACD30041010F /* XCRemoteSwiftPackageReference "Pulse" */;
			productName = Pulse;
		};
		C0863E772ECFACFB004517E3 /* PulseUI */ = {
			isa = XCSwiftPackageProductDependency;
			package = C082E6B02ECFACD30041010F /* XCRemoteSwiftPackageReference "Pulse" */;
			productName = PulseUI;
		};
		C0AD6D1F2EEE0312009D2482 /* SwiftCSV */ = {
			isa = XCSwiftPackageProductDependency;
			package = C02565E02EEE02EE00F91FC0 /* XCRemoteSwiftPackageReference "SwiftCSV" */;
			productName = SwiftCSV;
		};
		C0F3EF5E2ECFB6A5005CA536 /* TinyStorage */ = {
			isa = XCSwiftPackageProductDependency;
			package = C0B7F0482ECFAEA00016A08A /* XCRemoteSwiftPackageReference "TinyStorage" */;
			productName = TinyStorage;
		};
		C0F3EF602ECFB6C8005CA536 /* Sentry */ = {
			isa = XCSwiftPackageProductDependency;
			package = C0F1A6852ECFAC4100A99B8A /* XCRemoteSwiftPackageReference "sentry-cocoa" */;
			productName = Sentry;
		};
		C0F3EF622ECFB70F005CA536 /* PulseProxy */ = {
			isa = XCSwiftPackageProductDependency;
			package = C082E6B02ECFACD30041010F /* XCRemoteSwiftPackageReference "Pulse" */;
			productName = PulseProxy;
		};
/* End XCSwiftPackageProductDependency section */
	};
	rootObject = C0F9FC932ECFA845009DB8F2 /* Project object */;
}
